
Microsoft Visual Studio Solution File, Format Version 12.00
# Visual Studio Version 17
VisualStudioVersion = 17.4.33205.214
MinimumVisualStudioVersion = 10.0.40219.1
Project("{FAE04EC0-301F-11D3-BF4B-00C04F79EFBC}") = "TodoAPI", "TodoAPI\TodoAPI.csproj", "{BF470023-762C-4549-B028-7930FB2AC5F7}"
EndProject
Global
	GlobalSection(SolutionConfigurationPlatforms) = preSolution
		Debug|Any CPU = Debug|Any CPU
		Release|Any CPU = Release|Any CPU
	EndGlobalSection
	GlobalSection(ProjectConfigurationPlatforms) = postSolution
		{BF470023-762C-4549-B028-7930FB2AC5F7}.Debug|Any CPU.ActiveCfg = Debug|Any CPU
		{BF470023-762C-4549-B028-7930FB2AC5F7}.Debug|Any CPU.Build.0 = Debug|Any CPU
		{BF470023-762C-4549-B028-7930FB2AC5F7}.Release|Any CPU.ActiveCfg = Release|Any CPU
		{BF470023-762C-4549-B028-7930FB2AC5F7}.Release|Any CPU.Build.0 = Release|Any CPU
	EndGlobalSection
	GlobalSection(SolutionProperties) = preSolution
		HideSolutionNode = FALSE
	EndGlobalSection
	GlobalSection(ExtensibilityGlobals) = postSolution
		SolutionGuid = {6F3F29D1-C7F9-49D8-9CA7-FA36FB4F632B}
	EndGlobalSection
EndGlobal
